
Microsoft Visual Studio Solution File, Format Version 12.00
# Visual Studio Version 17
VisualStudioVersion = 17.5.002.0
MinimumVisualStudioVersion = 10.0.40219.1
Project("{9A19103F-16F7-4668-BE54-9A1E7A4F7556}") = "docker-nginx-terraform", "docker-nginx-terraform.csproj", "{F19268D0-582C-47B4-AD26-173E0F1E9D86}"
EndProject
Global
	GlobalSection(SolutionConfigurationPlatforms) = preSolution
		Debug|Any CPU = Debug|Any CPU
		Release|Any CPU = Release|Any CPU
	EndGlobalSection
	GlobalSection(ProjectConfigurationPlatforms) = postSolution
		{F19268D0-582C-47B4-AD26-173E0F1E9D86}.Debug|Any CPU.ActiveCfg = Debug|Any CPU
		{F19268D0-582C-47B4-AD26-173E0F1E9D86}.Debug|Any CPU.Build.0 = Debug|Any CPU
		{F19268D0-582C-47B4-AD26-173E0F1E9D86}.Release|Any CPU.ActiveCfg = Release|Any CPU
		{F19268D0-582C-47B4-AD26-173E0F1E9D86}.Release|Any CPU.Build.0 = Release|Any CPU
	EndGlobalSection
	GlobalSection(SolutionProperties) = preSolution
		HideSolutionNode = FALSE
	EndGlobalSection
	GlobalSection(ExtensibilityGlobals) = postSolution
		SolutionGuid = {68843537-FE2A-47B3-8A88-16EECAD18250}
	EndGlobalSection
EndGlobal
